
Microsoft Visual Studio Solution File, Format Version 12.00
# Visual Studio Version 17
VisualStudioVersion = 17.3.32901.215
MinimumVisualStudioVersion = 10.0.40219.1
Project("{FAE04EC0-301F-11D3-BF4B-00C04F79EFBC}") = "Assignment_CRUD", "Assignment_CRUD\Assignment_CRUD.csproj", "{075898A4-0753-44AD-A6E3-ECFDDD324A7B}"
EndProject
Global
	GlobalSection(SolutionConfigurationPlatforms) = preSolution
		Debug|Any CPU = Debug|Any CPU
		Release|Any CPU = Release|Any CPU
	EndGlobalSection
	GlobalSection(ProjectConfigurationPlatforms) = postSolution
		{075898A4-0753-44AD-A6E3-ECFDDD324A7B}.Debug|Any CPU.ActiveCfg = Debug|Any CPU
		{075898A4-0753-44AD-A6E3-ECFDDD324A7B}.Debug|Any CPU.Build.0 = Debug|Any CPU
		{075898A4-0753-44AD-A6E3-ECFDDD324A7B}.Release|Any CPU.ActiveCfg = Release|Any CPU
		{075898A4-0753-44AD-A6E3-ECFDDD324A7B}.Release|Any CPU.Build.0 = Release|Any CPU
	EndGlobalSection
	GlobalSection(SolutionProperties) = preSolution
		HideSolutionNode = FALSE
	EndGlobalSection
	GlobalSection(ExtensibilityGlobals) = postSolution
		SolutionGuid = {2C417E2A-1AE9-4A33-BEA7-FFDE8831BF64}
	EndGlobalSection
EndGlobal
